// !$*UTF8*$!
{
	archiveVersion = 1;
	classes = {
	};
	objectVersion = 56;
	objects = {

/* Begin PBXBuildFile section */
		0714C4B22B642FF500D59B8C /* RMService.swift in Sources */ = {isa = PBXBuildFile; fileRef = 0714C4B12B642FF500D59B8C /* RMService.swift */; };
		0714C4B42B64313200D59B8C /* RMRequest.swift in Sources */ = {isa = PBXBuildFile; fileRef = 0714C4B32B64313200D59B8C /* RMRequest.swift */; };
		0714C4B62B64319100D59B8C /* RMEndpoint.swift in Sources */ = {isa = PBXBuildFile; fileRef = 0714C4B52B64319100D59B8C /* RMEndpoint.swift */; };
		0724CE772B839E90004FB07D /* RMServiceError.swift in Sources */ = {isa = PBXBuildFile; fileRef = 0724CE762B839E90004FB07D /* RMServiceError.swift */; };
		0724CE7B2B83A401004FB07D /* RMGetAllCharactersResponse.swift in Sources */ = {isa = PBXBuildFile; fileRef = 0724CE7A2B83A401004FB07D /* RMGetAllCharactersResponse.swift */; };
		0724CE7D2B83B3C5004FB07D /* RMCharacterListViewViewModel.swift in Sources */ = {isa = PBXBuildFile; fileRef = 0724CE7C2B83B3C5004FB07D /* RMCharacterListViewViewModel.swift */; };
		0724CE7F2B83B464004FB07D /* RMCharacterListView.swift in Sources */ = {isa = PBXBuildFile; fileRef = 0724CE7E2B83B464004FB07D /* RMCharacterListView.swift */; };
		0724CE812B83C7C9004FB07D /* Extensions.swift in Sources */ = {isa = PBXBuildFile; fileRef = 0724CE802B83C7C9004FB07D /* Extensions.swift */; };
		0724CE832B83EEEB004FB07D /* RMCharacterCollectionViewCell.swift in Sources */ = {isa = PBXBuildFile; fileRef = 0724CE822B83EEEB004FB07D /* RMCharacterCollectionViewCell.swift */; };
		0724CE852B83F0E9004FB07D /* RMCharacterCollectionViewCellViewModel.swift in Sources */ = {isa = PBXBuildFile; fileRef = 0724CE842B83F0E9004FB07D /* RMCharacterCollectionViewCellViewModel.swift */; };
		072C60492B44A2DE00CEAB01 /* AppDelegate.swift in Sources */ = {isa = PBXBuildFile; fileRef = 072C60482B44A2DE00CEAB01 /* AppDelegate.swift */; };
		072C604B2B44A2DF00CEAB01 /* SceneDelegate.swift in Sources */ = {isa = PBXBuildFile; fileRef = 072C604A2B44A2DF00CEAB01 /* SceneDelegate.swift */; };
		072C604D2B44A2DF00CEAB01 /* RMTabBarController.swift in Sources */ = {isa = PBXBuildFile; fileRef = 072C604C2B44A2DF00CEAB01 /* RMTabBarController.swift */; };
		072C60522B44A2E100CEAB01 /* Assets.xcassets in Resources */ = {isa = PBXBuildFile; fileRef = 072C60512B44A2E100CEAB01 /* Assets.xcassets */; };
		072C60552B44A2E100CEAB01 /* LaunchScreen.storyboard in Resources */ = {isa = PBXBuildFile; fileRef = 072C60532B44A2E100CEAB01 /* LaunchScreen.storyboard */; };
		072C60642B44ABCB00CEAB01 /* RMLocation.swift in Sources */ = {isa = PBXBuildFile; fileRef = 072C60632B44ABCB00CEAB01 /* RMLocation.swift */; };
		072C60662B44ABDA00CEAB01 /* RMCharacter.swift in Sources */ = {isa = PBXBuildFile; fileRef = 072C60652B44ABDA00CEAB01 /* RMCharacter.swift */; };
		072C60682B44AC0800CEAB01 /* RMEpisode.swift in Sources */ = {isa = PBXBuildFile; fileRef = 072C60672B44AC0800CEAB01 /* RMEpisode.swift */; };
		072C606B2B44AD1B00CEAB01 /* RMLocationViewController.swift in Sources */ = {isa = PBXBuildFile; fileRef = 072C606A2B44AD1B00CEAB01 /* RMLocationViewController.swift */; };
		072C606D2B44AD3A00CEAB01 /* RMCharacterViewController.swift in Sources */ = {isa = PBXBuildFile; fileRef = 072C606C2B44AD3A00CEAB01 /* RMCharacterViewController.swift */; };
		072C606F2B44AD4A00CEAB01 /* RMEpisodeViewController.swift in Sources */ = {isa = PBXBuildFile; fileRef = 072C606E2B44AD4A00CEAB01 /* RMEpisodeViewController.swift */; };
		072C60712B44AD6A00CEAB01 /* RMSettingsViewController.swift in Sources */ = {isa = PBXBuildFile; fileRef = 072C60702B44AD6A00CEAB01 /* RMSettingsViewController.swift */; };
		072C60742B45B53C00CEAB01 /* RMTabBarViewControllerProtocol.swift in Sources */ = {isa = PBXBuildFile; fileRef = 072C60732B45B53C00CEAB01 /* RMTabBarViewControllerProtocol.swift */; };
		072C60782B45B74500CEAB01 /* RMNavigationController.swift in Sources */ = {isa = PBXBuildFile; fileRef = 072C60772B45B74500CEAB01 /* RMNavigationController.swift */; };
		0734C6392B815F5A008A39B3 /* RMOrigin.swift in Sources */ = {isa = PBXBuildFile; fileRef = 0734C6382B815F5A008A39B3 /* RMOrigin.swift */; };
		0734C63B2B815FEF008A39B3 /* RMSingleLocation.swift in Sources */ = {isa = PBXBuildFile; fileRef = 0734C63A2B815FEF008A39B3 /* RMSingleLocation.swift */; };
		0734C63D2B8160E2008A39B3 /* RMCharacterStatus.swift in Sources */ = {isa = PBXBuildFile; fileRef = 0734C63C2B8160E2008A39B3 /* RMCharacterStatus.swift */; };
		0734C63F2B8160FD008A39B3 /* RMCharacterGender.swift in Sources */ = {isa = PBXBuildFile; fileRef = 0734C63E2B8160FD008A39B3 /* RMCharacterGender.swift */; };
/* End PBXBuildFile section */

/* Begin PBXFileReference section */
		0714C4B12B642FF500D59B8C /* RMService.swift */ = {isa = PBXFileReference; lastKnownFileType = sourcecode.swift; path = RMService.swift; sourceTree = SOURCE_ROOT; };
		0714C4B32B64313200D59B8C /* RMRequest.swift */ = {isa = PBXFileReference; lastKnownFileType = sourcecode.swift; path = RMRequest.swift; sourceTree = SOURCE_ROOT; };
		0714C4B52B64319100D59B8C /* RMEndpoint.swift */ = {isa = PBXFileReference; lastKnownFileType = sourcecode.swift; path = RMEndpoint.swift; sourceTree = SOURCE_ROOT; };
		0724CE762B839E90004FB07D /* RMServiceError.swift */ = {isa = PBXFileReference; lastKnownFileType = sourcecode.swift; path = RMServiceError.swift; sourceTree = "<group>"; };
		0724CE7A2B83A401004FB07D /* RMGetAllCharactersResponse.swift */ = {isa = PBXFileReference; lastKnownFileType = sourcecode.swift; path = RMGetAllCharactersResponse.swift; sourceTree = "<group>"; };
		0724CE7C2B83B3C5004FB07D /* RMCharacterListViewViewModel.swift */ = {isa = PBXFileReference; lastKnownFileType = sourcecode.swift; name = RMCharacterListViewViewModel.swift; path = RickAndMorty/Models/APIResponseTypes/RMCharacterListViewViewModel.swift; sourceTree = SOURCE_ROOT; };
		0724CE7E2B83B464004FB07D /* RMCharacterListView.swift */ = {isa = PBXFileReference; lastKnownFileType = sourcecode.swift; name = RMCharacterListView.swift; path = RickAndMorty/Models/APIResponseTypes/RMCharacterListView.swift; sourceTree = SOURCE_ROOT; };
		0724CE802B83C7C9004FB07D /* Extensions.swift */ = {isa = PBXFileReference; lastKnownFileType = sourcecode.swift; path = Extensions.swift; sourceTree = "<group>"; };
		0724CE822B83EEEB004FB07D /* RMCharacterCollectionViewCell.swift */ = {isa = PBXFileReference; lastKnownFileType = sourcecode.swift; name = RMCharacterCollectionViewCell.swift; path = RickAndMorty/Resources/RMCharacterCollectionViewCell.swift; sourceTree = SOURCE_ROOT; };
		0724CE842B83F0E9004FB07D /* RMCharacterCollectionViewCellViewModel.swift */ = {isa = PBXFileReference; lastKnownFileType = sourcecode.swift; name = RMCharacterCollectionViewCellViewModel.swift; path = RickAndMorty/Resources/RMCharacterCollectionViewCellViewModel.swift; sourceTree = SOURCE_ROOT; };
		072C60452B44A2DE00CEAB01 /* RickAndMorty.app */ = {isa = PBXFileReference; explicitFileType = wrapper.application; includeInIndex = 0; path = RickAndMorty.app; sourceTree = BUILT_PRODUCTS_DIR; };
		072C60482B44A2DE00CEAB01 /* AppDelegate.swift */ = {isa = PBXFileReference; lastKnownFileType = sourcecode.swift; path = AppDelegate.swift; sourceTree = "<group>"; };
		072C604A2B44A2DF00CEAB01 /* SceneDelegate.swift */ = {isa = PBXFileReference; lastKnownFileType = sourcecode.swift; path = SceneDelegate.swift; sourceTree = "<group>"; };
		072C604C2B44A2DF00CEAB01 /* RMTabBarController.swift */ = {isa = PBXFileReference; lastKnownFileType = sourcecode.swift; path = RMTabBarController.swift; sourceTree = "<group>"; };
		072C60512B44A2E100CEAB01 /* Assets.xcassets */ = {isa = PBXFileReference; lastKnownFileType = folder.assetcatalog; path = Assets.xcassets; sourceTree = "<group>"; };
		072C60542B44A2E100CEAB01 /* Base */ = {isa = PBXFileReference; lastKnownFileType = file.storyboard; name = Base; path = Base.lproj/LaunchScreen.storyboard; sourceTree = "<group>"; };
		072C60562B44A2E100CEAB01 /* Info.plist */ = {isa = PBXFileReference; lastKnownFileType = text.plist.xml; path = Info.plist; sourceTree = "<group>"; };
		072C60632B44ABCB00CEAB01 /* RMLocation.swift */ = {isa = PBXFileReference; lastKnownFileType = sourcecode.swift; path = RMLocation.swift; sourceTree = "<group>"; };
		072C60652B44ABDA00CEAB01 /* RMCharacter.swift */ = {isa = PBXFileReference; lastKnownFileType = sourcecode.swift; path = RMCharacter.swift; sourceTree = "<group>"; };
		072C60672B44AC0800CEAB01 /* RMEpisode.swift */ = {isa = PBXFileReference; lastKnownFileType = sourcecode.swift; path = RMEpisode.swift; sourceTree = "<group>"; };
		072C606A2B44AD1B00CEAB01 /* RMLocationViewController.swift */ = {isa = PBXFileReference; lastKnownFileType = sourcecode.swift; path = RMLocationViewController.swift; sourceTree = "<group>"; };
		072C606C2B44AD3A00CEAB01 /* RMCharacterViewController.swift */ = {isa = PBXFileReference; lastKnownFileType = sourcecode.swift; path = RMCharacterViewController.swift; sourceTree = "<group>"; };
		072C606E2B44AD4A00CEAB01 /* RMEpisodeViewController.swift */ = {isa = PBXFileReference; lastKnownFileType = sourcecode.swift; path = RMEpisodeViewController.swift; sourceTree = "<group>"; };
		072C60702B44AD6A00CEAB01 /* RMSettingsViewController.swift */ = {isa = PBXFileReference; lastKnownFileType = sourcecode.swift; path = RMSettingsViewController.swift; sourceTree = "<group>"; };
		072C60732B45B53C00CEAB01 /* RMTabBarViewControllerProtocol.swift */ = {isa = PBXFileReference; lastKnownFileType = sourcecode.swift; path = RMTabBarViewControllerProtocol.swift; sourceTree = "<group>"; };
		072C60772B45B74500CEAB01 /* RMNavigationController.swift */ = {isa = PBXFileReference; lastKnownFileType = sourcecode.swift; path = RMNavigationController.swift; sourceTree = "<group>"; };
		0734C6382B815F5A008A39B3 /* RMOrigin.swift */ = {isa = PBXFileReference; lastKnownFileType = sourcecode.swift; path = RMOrigin.swift; sourceTree = "<group>"; };
		0734C63A2B815FEF008A39B3 /* RMSingleLocation.swift */ = {isa = PBXFileReference; lastKnownFileType = sourcecode.swift; path = RMSingleLocation.swift; sourceTree = "<group>"; };
		0734C63C2B8160E2008A39B3 /* RMCharacterStatus.swift */ = {isa = PBXFileReference; lastKnownFileType = sourcecode.swift; path = RMCharacterStatus.swift; sourceTree = "<group>"; };
		0734C63E2B8160FD008A39B3 /* RMCharacterGender.swift */ = {isa = PBXFileReference; lastKnownFileType = sourcecode.swift; path = RMCharacterGender.swift; sourceTree = "<group>"; };
/* End PBXFileReference section */

/* Begin PBXFrameworksBuildPhase section */
		072C60422B44A2DE00CEAB01 /* Frameworks */ = {
			isa = PBXFrameworksBuildPhase;
			buildActionMask = 2147483647;
			files = (
			);
			runOnlyForDeploymentPostprocessing = 0;
		};
/* End PBXFrameworksBuildPhase section */

/* Begin PBXGroup section */
		0724CE752B839E7D004FB07D /* Errors */ = {
			isa = PBXGroup;
			children = (
				0724CE762B839E90004FB07D /* RMServiceError.swift */,
			);
			path = Errors;
			sourceTree = "<group>";
		};
		0724CE782B83A3B6004FB07D /* DataTypes */ = {
			isa = PBXGroup;
			children = (
				072C60632B44ABCB00CEAB01 /* RMLocation.swift */,
				0734C63A2B815FEF008A39B3 /* RMSingleLocation.swift */,
				072C60652B44ABDA00CEAB01 /* RMCharacter.swift */,
				0734C63E2B8160FD008A39B3 /* RMCharacterGender.swift */,
				0734C63C2B8160E2008A39B3 /* RMCharacterStatus.swift */,
				0734C6382B815F5A008A39B3 /* RMOrigin.swift */,
				072C60672B44AC0800CEAB01 /* RMEpisode.swift */,
			);
			path = DataTypes;
			sourceTree = "<group>";
		};
		0724CE792B83A3C0004FB07D /* APIResponseTypes */ = {
			isa = PBXGroup;
			children = (
				0724CE7A2B83A401004FB07D /* RMGetAllCharactersResponse.swift */,
			);
			path = APIResponseTypes;
			sourceTree = "<group>";
		};
		072C603C2B44A2DE00CEAB01 = {
			isa = PBXGroup;
			children = (
				072C60472B44A2DE00CEAB01 /* RickAndMorty */,
				072C60462B44A2DE00CEAB01 /* Products */,
			);
			sourceTree = "<group>";
		};
		072C60462B44A2DE00CEAB01 /* Products */ = {
			isa = PBXGroup;
			children = (
				072C60452B44A2DE00CEAB01 /* RickAndMorty.app */,
			);
			name = Products;
			sourceTree = "<group>";
		};
		072C60472B44A2DE00CEAB01 /* RickAndMorty */ = {
			isa = PBXGroup;
			children = (
				0724CE752B839E7D004FB07D /* Errors */,
				072C60622B44A75500CEAB01 /* Resources */,
				072C60612B44A74F00CEAB01 /* Managers */,
				072C60602B44A74700CEAB01 /* APIClient */,
				072C605F2B44A73A00CEAB01 /* ViewModels */,
				072C605E2B44A73000CEAB01 /* Views */,
				072C605D2B44A71D00CEAB01 /* Models */,
				072C605C2B44A71500CEAB01 /* Controllers */,
				072C60562B44A2E100CEAB01 /* Info.plist */,
			);
			path = RickAndMorty;
			sourceTree = "<group>";
		};
		072C605C2B44A71500CEAB01 /* Controllers */ = {
			isa = PBXGroup;
			children = (
				072C60722B45B4FA00CEAB01 /* Protocols */,
				072C60692B44ACE000CEAB01 /* Core */,
			);
			path = Controllers;
			sourceTree = "<group>";
		};
		072C605D2B44A71D00CEAB01 /* Models */ = {
			isa = PBXGroup;
			children = (
				0724CE792B83A3C0004FB07D /* APIResponseTypes */,
				0724CE782B83A3B6004FB07D /* DataTypes */,
			);
			path = Models;
			sourceTree = "<group>";
		};
		072C605E2B44A73000CEAB01 /* Views */ = {
			isa = PBXGroup;
			children = (
				0724CE7E2B83B464004FB07D /* RMCharacterListView.swift */,
				0724CE822B83EEEB004FB07D /* RMCharacterCollectionViewCell.swift */,
			);
			path = Views;
			sourceTree = "<group>";
		};
		072C605F2B44A73A00CEAB01 /* ViewModels */ = {
			isa = PBXGroup;
			children = (
				0724CE7C2B83B3C5004FB07D /* RMCharacterListViewViewModel.swift */,
				0724CE842B83F0E9004FB07D /* RMCharacterCollectionViewCellViewModel.swift */,
			);
			path = ViewModels;
			sourceTree = "<group>";
		};
		072C60602B44A74700CEAB01 /* APIClient */ = {
			isa = PBXGroup;
			children = (
				0714C4B12B642FF500D59B8C /* RMService.swift */,
				0714C4B32B64313200D59B8C /* RMRequest.swift */,
				0714C4B52B64319100D59B8C /* RMEndpoint.swift */,
			);
			path = APIClient;
			sourceTree = "<group>";
		};
		072C60612B44A74F00CEAB01 /* Managers */ = {
			isa = PBXGroup;
			children = (
			);
			path = Managers;
			sourceTree = "<group>";
		};
		072C60622B44A75500CEAB01 /* Resources */ = {
			isa = PBXGroup;
			children = (
				072C60512B44A2E100CEAB01 /* Assets.xcassets */,
				072C60532B44A2E100CEAB01 /* LaunchScreen.storyboard */,
				072C60482B44A2DE00CEAB01 /* AppDelegate.swift */,
				072C604A2B44A2DF00CEAB01 /* SceneDelegate.swift */,
				0724CE802B83C7C9004FB07D /* Extensions.swift */,
			);
			path = Resources;
			sourceTree = "<group>";
		};
		072C60692B44ACE000CEAB01 /* Core */ = {
			isa = PBXGroup;
			children = (
				072C60772B45B74500CEAB01 /* RMNavigationController.swift */,
				072C604C2B44A2DF00CEAB01 /* RMTabBarController.swift */,
				072C606C2B44AD3A00CEAB01 /* RMCharacterViewController.swift */,
				072C606A2B44AD1B00CEAB01 /* RMLocationViewController.swift */,
				072C606E2B44AD4A00CEAB01 /* RMEpisodeViewController.swift */,
				072C60702B44AD6A00CEAB01 /* RMSettingsViewController.swift */,
			);
			path = Core;
			sourceTree = "<group>";
		};
		072C60722B45B4FA00CEAB01 /* Protocols */ = {
			isa = PBXGroup;
			children = (
				072C60732B45B53C00CEAB01 /* RMTabBarViewControllerProtocol.swift */,
			);
			path = Protocols;
			sourceTree = "<group>";
		};
/* End PBXGroup section */

/* Begin PBXNativeTarget section */
		072C60442B44A2DE00CEAB01 /* RickAndMorty */ = {
			isa = PBXNativeTarget;
			buildConfigurationList = 072C60592B44A2E100CEAB01 /* Build configuration list for PBXNativeTarget "RickAndMorty" */;
			buildPhases = (
				072C60412B44A2DE00CEAB01 /* Sources */,
				072C60422B44A2DE00CEAB01 /* Frameworks */,
				072C60432B44A2DE00CEAB01 /* Resources */,
			);
			buildRules = (
			);
			dependencies = (
			);
			name = RickAndMorty;
			productName = RickAndMorty;
			productReference = 072C60452B44A2DE00CEAB01 /* RickAndMorty.app */;
			productType = "com.apple.product-type.application";
		};
/* End PBXNativeTarget section */

/* Begin PBXProject section */
		072C603D2B44A2DE00CEAB01 /* Project object */ = {
			isa = PBXProject;
			attributes = {
				BuildIndependentTargetsInParallel = 1;
				LastSwiftUpdateCheck = 1510;
				LastUpgradeCheck = 1510;
				TargetAttributes = {
					072C60442B44A2DE00CEAB01 = {
						CreatedOnToolsVersion = 15.1;
					};
				};
			};
			buildConfigurationList = 072C60402B44A2DE00CEAB01 /* Build configuration list for PBXProject "RickAndMorty" */;
			compatibilityVersion = "Xcode 14.0";
			developmentRegion = en;
			hasScannedForEncodings = 0;
			knownRegions = (
				en,
				Base,
			);
			mainGroup = 072C603C2B44A2DE00CEAB01;
			productRefGroup = 072C60462B44A2DE00CEAB01 /* Products */;
			projectDirPath = "";
			projectRoot = "";
			targets = (
				072C60442B44A2DE00CEAB01 /* RickAndMorty */,
			);
		};
/* End PBXProject section */

/* Begin PBXResourcesBuildPhase section */
		072C60432B44A2DE00CEAB01 /* Resources */ = {
			isa = PBXResourcesBuildPhase;
			buildActionMask = 2147483647;
			files = (
				072C60552B44A2E100CEAB01 /* LaunchScreen.storyboard in Resources */,
				072C60522B44A2E100CEAB01 /* Assets.xcassets in Resources */,
			);
			runOnlyForDeploymentPostprocessing = 0;
		};
/* End PBXResourcesBuildPhase section */

/* Begin PBXSourcesBuildPhase section */
		072C60412B44A2DE00CEAB01 /* Sources */ = {
			isa = PBXSourcesBuildPhase;
			buildActionMask = 2147483647;
			files = (
				0734C6392B815F5A008A39B3 /* RMOrigin.swift in Sources */,
				072C60682B44AC0800CEAB01 /* RMEpisode.swift in Sources */,
				0734C63D2B8160E2008A39B3 /* RMCharacterStatus.swift in Sources */,
				072C604D2B44A2DF00CEAB01 /* RMTabBarController.swift in Sources */,
				072C606B2B44AD1B00CEAB01 /* RMLocationViewController.swift in Sources */,
				072C606F2B44AD4A00CEAB01 /* RMEpisodeViewController.swift in Sources */,
				072C60742B45B53C00CEAB01 /* RMTabBarViewControllerProtocol.swift in Sources */,
				072C60492B44A2DE00CEAB01 /* AppDelegate.swift in Sources */,
				072C60782B45B74500CEAB01 /* RMNavigationController.swift in Sources */,
				072C604B2B44A2DF00CEAB01 /* SceneDelegate.swift in Sources */,
				0724CE832B83EEEB004FB07D /* RMCharacterCollectionViewCell.swift in Sources */,
				0714C4B42B64313200D59B8C /* RMRequest.swift in Sources */,
				0724CE7B2B83A401004FB07D /* RMGetAllCharactersResponse.swift in Sources */,
				072C60712B44AD6A00CEAB01 /* RMSettingsViewController.swift in Sources */,
				072C606D2B44AD3A00CEAB01 /* RMCharacterViewController.swift in Sources */,
				0724CE772B839E90004FB07D /* RMServiceError.swift in Sources */,
				0724CE852B83F0E9004FB07D /* RMCharacterCollectionViewCellViewModel.swift in Sources */,
				0734C63B2B815FEF008A39B3 /* RMSingleLocation.swift in Sources */,
				0714C4B22B642FF500D59B8C /* RMService.swift in Sources */,
				0724CE7F2B83B464004FB07D /* RMCharacterListView.swift in Sources */,
				0734C63F2B8160FD008A39B3 /* RMCharacterGender.swift in Sources */,
				0724CE812B83C7C9004FB07D /* Extensions.swift in Sources */,
				0714C4B62B64319100D59B8C /* RMEndpoint.swift in Sources */,
				072C60642B44ABCB00CEAB01 /* RMLocation.swift in Sources */,
				0724CE7D2B83B3C5004FB07D /* RMCharacterListViewViewModel.swift in Sources */,
				072C60662B44ABDA00CEAB01 /* RMCharacter.swift in Sources */,
			);
			runOnlyForDeploymentPostprocessing = 0;
		};
/* End PBXSourcesBuildPhase section */

/* Begin PBXVariantGroup section */
		072C60532B44A2E100CEAB01 /* LaunchScreen.storyboard */ = {
			isa = PBXVariantGroup;
			children = (
				072C60542B44A2E100CEAB01 /* Base */,
			);
			name = LaunchScreen.storyboard;
			sourceTree = "<group>";
		};
/* End PBXVariantGroup section */

/* Begin XCBuildConfiguration section */
		072C60572B44A2E100CEAB01 /* Debug */ = {
			isa = XCBuildConfiguration;
			buildSettings = {
				ALWAYS_SEARCH_USER_PATHS = NO;
				ASSETCATALOG_COMPILER_GENERATE_SWIFT_ASSET_SYMBOL_EXTENSIONS = YES;
				CLANG_ANALYZER_NONNULL = YES;
				CLANG_ANALYZER_NUMBER_OBJECT_CONVERSION = YES_AGGRESSIVE;
				CLANG_CXX_LANGUAGE_STANDARD = "gnu++20";
				CLANG_ENABLE_MODULES = YES;
				CLANG_ENABLE_OBJC_ARC = YES;
				CLANG_ENABLE_OBJC_WEAK = YES;
				CLANG_WARN_BLOCK_CAPTURE_AUTORELEASING = YES;
				CLANG_WARN_BOOL_CONVERSION = YES;
				CLANG_WARN_COMMA = YES;
				CLANG_WARN_CONSTANT_CONVERSION = YES;
				CLANG_WARN_DEPRECATED_OBJC_IMPLEMENTATIONS = YES;
				CLANG_WARN_DIRECT_OBJC_ISA_USAGE = YES_ERROR;
				CLANG_WARN_DOCUMENTATION_COMMENTS = YES;
				CLANG_WARN_EMPTY_BODY = YES;
				CLANG_WARN_ENUM_CONVERSION = YES;
				CLANG_WARN_INFINITE_RECURSION = YES;
				CLANG_WARN_INT_CONVERSION = YES;
				CLANG_WARN_NON_LITERAL_NULL_CONVERSION = YES;
				CLANG_WARN_OBJC_IMPLICIT_RETAIN_SELF = YES;
				CLANG_WARN_OBJC_LITERAL_CONVERSION = YES;
				CLANG_WARN_OBJC_ROOT_CLASS = YES_ERROR;
				CLANG_WARN_QUOTED_INCLUDE_IN_FRAMEWORK_HEADER = YES;
				CLANG_WARN_RANGE_LOOP_ANALYSIS = YES;
				CLANG_WARN_STRICT_PROTOTYPES = YES;
				CLANG_WARN_SUSPICIOUS_MOVE = YES;
				CLANG_WARN_UNGUARDED_AVAILABILITY = YES_AGGRESSIVE;
				CLANG_WARN_UNREACHABLE_CODE = YES;
				CLANG_WARN__DUPLICATE_METHOD_MATCH = YES;
				COPY_PHASE_STRIP = NO;
				DEBUG_INFORMATION_FORMAT = dwarf;
				ENABLE_STRICT_OBJC_MSGSEND = YES;
				ENABLE_TESTABILITY = YES;
				ENABLE_USER_SCRIPT_SANDBOXING = YES;
				GCC_C_LANGUAGE_STANDARD = gnu17;
				GCC_DYNAMIC_NO_PIC = NO;
				GCC_NO_COMMON_BLOCKS = YES;
				GCC_OPTIMIZATION_LEVEL = 0;
				GCC_PREPROCESSOR_DEFINITIONS = (
					"DEBUG=1",
					"$(inherited)",
				);
				GCC_WARN_64_TO_32_BIT_CONVERSION = YES;
				GCC_WARN_ABOUT_RETURN_TYPE = YES_ERROR;
				GCC_WARN_UNDECLARED_SELECTOR = YES;
				GCC_WARN_UNINITIALIZED_AUTOS = YES_AGGRESSIVE;
				GCC_WARN_UNUSED_FUNCTION = YES;
				GCC_WARN_UNUSED_VARIABLE = YES;
				IPHONEOS_DEPLOYMENT_TARGET = 17.2;
				LOCALIZATION_PREFERS_STRING_CATALOGS = YES;
				MTL_ENABLE_DEBUG_INFO = INCLUDE_SOURCE;
				MTL_FAST_MATH = YES;
				ONLY_ACTIVE_ARCH = YES;
				SDKROOT = iphoneos;
				SWIFT_ACTIVE_COMPILATION_CONDITIONS = "DEBUG $(inherited)";
				SWIFT_OPTIMIZATION_LEVEL = "-Onone";
			};
			name = Debug;
		};
		072C60582B44A2E100CEAB01 /* Release */ = {
			isa = XCBuildConfiguration;
			buildSettings = {
				ALWAYS_SEARCH_USER_PATHS = NO;
				ASSETCATALOG_COMPILER_GENERATE_SWIFT_ASSET_SYMBOL_EXTENSIONS = YES;
				CLANG_ANALYZER_NONNULL = YES;
				CLANG_ANALYZER_NUMBER_OBJECT_CONVERSION = YES_AGGRESSIVE;
				CLANG_CXX_LANGUAGE_STANDARD = "gnu++20";
				CLANG_ENABLE_MODULES = YES;
				CLANG_ENABLE_OBJC_ARC = YES;
				CLANG_ENABLE_OBJC_WEAK = YES;
				CLANG_WARN_BLOCK_CAPTURE_AUTORELEASING = YES;
				CLANG_WARN_BOOL_CONVERSION = YES;
				CLANG_WARN_COMMA = YES;
				CLANG_WARN_CONSTANT_CONVERSION = YES;
				CLANG_WARN_DEPRECATED_OBJC_IMPLEMENTATIONS = YES;
				CLANG_WARN_DIRECT_OBJC_ISA_USAGE = YES_ERROR;
				CLANG_WARN_DOCUMENTATION_COMMENTS = YES;
				CLANG_WARN_EMPTY_BODY = YES;
				CLANG_WARN_ENUM_CONVERSION = YES;
				CLANG_WARN_INFINITE_RECURSION = YES;
				CLANG_WARN_INT_CONVERSION = YES;
				CLANG_WARN_NON_LITERAL_NULL_CONVERSION = YES;
				CLANG_WARN_OBJC_IMPLICIT_RETAIN_SELF = YES;
				CLANG_WARN_OBJC_LITERAL_CONVERSION = YES;
				CLANG_WARN_OBJC_ROOT_CLASS = YES_ERROR;
				CLANG_WARN_QUOTED_INCLUDE_IN_FRAMEWORK_HEADER = YES;
				CLANG_WARN_RANGE_LOOP_ANALYSIS = YES;
				CLANG_WARN_STRICT_PROTOTYPES = YES;
				CLANG_WARN_SUSPICIOUS_MOVE = YES;
				CLANG_WARN_UNGUARDED_AVAILABILITY = YES_AGGRESSIVE;
				CLANG_WARN_UNREACHABLE_CODE = YES;
				CLANG_WARN__DUPLICATE_METHOD_MATCH = YES;
				COPY_PHASE_STRIP = NO;
				DEBUG_INFORMATION_FORMAT = "dwarf-with-dsym";
				ENABLE_NS_ASSERTIONS = NO;
				ENABLE_STRICT_OBJC_MSGSEND = YES;
				ENABLE_USER_SCRIPT_SANDBOXING = YES;
				GCC_C_LANGUAGE_STANDARD = gnu17;
				GCC_NO_COMMON_BLOCKS = YES;
				GCC_WARN_64_TO_32_BIT_CONVERSION = YES;
				GCC_WARN_ABOUT_RETURN_TYPE = YES_ERROR;
				GCC_WARN_UNDECLARED_SELECTOR = YES;
				GCC_WARN_UNINITIALIZED_AUTOS = YES_AGGRESSIVE;
				GCC_WARN_UNUSED_FUNCTION = YES;
				GCC_WARN_UNUSED_VARIABLE = YES;
				IPHONEOS_DEPLOYMENT_TARGET = 17.2;
				LOCALIZATION_PREFERS_STRING_CATALOGS = YES;
				MTL_ENABLE_DEBUG_INFO = NO;
				MTL_FAST_MATH = YES;
				SDKROOT = iphoneos;
				SWIFT_COMPILATION_MODE = wholemodule;
				VALIDATE_PRODUCT = YES;
			};
			name = Release;
		};
		072C605A2B44A2E100CEAB01 /* Debug */ = {
			isa = XCBuildConfiguration;
			buildSettings = {
				ASSETCATALOG_COMPILER_APPICON_NAME = AppIcon;
				ASSETCATALOG_COMPILER_GLOBAL_ACCENT_COLOR_NAME = AccentColor;
				CODE_SIGN_STYLE = Automatic;
				CURRENT_PROJECT_VERSION = 1;
				DEVELOPMENT_TEAM = 7MH2QL2CTT;
				GENERATE_INFOPLIST_FILE = YES;
				INFOPLIST_FILE = RickAndMorty/Info.plist;
				INFOPLIST_KEY_UIApplicationSupportsIndirectInputEvents = YES;
				INFOPLIST_KEY_UILaunchStoryboardName = LaunchScreen;
				INFOPLIST_KEY_UISupportedInterfaceOrientations_iPad = "UIInterfaceOrientationPortrait UIInterfaceOrientationPortraitUpsideDown UIInterfaceOrientationLandscapeLeft UIInterfaceOrientationLandscapeRight";
				INFOPLIST_KEY_UISupportedInterfaceOrientations_iPhone = "UIInterfaceOrientationPortrait UIInterfaceOrientationLandscapeLeft UIInterfaceOrientationLandscapeRight";
				LD_RUNPATH_SEARCH_PATHS = (
					"$(inherited)",
					"@executable_path/Frameworks",
				);
				MARKETING_VERSION = 1.0;
				PRODUCT_BUNDLE_IDENTIFIER = br.com.trebert.RickAndMorty;
				PRODUCT_NAME = "$(TARGET_NAME)";
				SWIFT_EMIT_LOC_STRINGS = YES;
				SWIFT_VERSION = 5.0;
				TARGETED_DEVICE_FAMILY = "1,2";
			};
			name = Debug;
		};
		072C605B2B44A2E100CEAB01 /* Release */ = {
			isa = XCBuildConfiguration;
			buildSettings = {
				ASSETCATALOG_COMPILER_APPICON_NAME = AppIcon;
				ASSETCATALOG_COMPILER_GLOBAL_ACCENT_COLOR_NAME = AccentColor;
				CODE_SIGN_STYLE = Automatic;
				CURRENT_PROJECT_VERSION = 1;
				DEVELOPMENT_TEAM = 7MH2QL2CTT;
				GENERATE_INFOPLIST_FILE = YES;
				INFOPLIST_FILE = RickAndMorty/Info.plist;
				INFOPLIST_KEY_UIApplicationSupportsIndirectInputEvents = YES;
				INFOPLIST_KEY_UILaunchStoryboardName = LaunchScreen;
				INFOPLIST_KEY_UISupportedInterfaceOrientations_iPad = "UIInterfaceOrientationPortrait UIInterfaceOrientationPortraitUpsideDown UIInterfaceOrientationLandscapeLeft UIInterfaceOrientationLandscapeRight";
				INFOPLIST_KEY_UISupportedInterfaceOrientations_iPhone = "UIInterfaceOrientationPortrait UIInterfaceOrientationLandscapeLeft UIInterfaceOrientationLandscapeRight";
				LD_RUNPATH_SEARCH_PATHS = (
					"$(inherited)",
					"@executable_path/Frameworks",
				);
				MARKETING_VERSION = 1.0;
				PRODUCT_BUNDLE_IDENTIFIER = br.com.trebert.RickAndMorty;
				PRODUCT_NAME = "$(TARGET_NAME)";
				SWIFT_EMIT_LOC_STRINGS = YES;
				SWIFT_VERSION = 5.0;
				TARGETED_DEVICE_FAMILY = "1,2";
			};
			name = Release;
		};
/* End XCBuildConfiguration section */

/* Begin XCConfigurationList section */
		072C60402B44A2DE00CEAB01 /* Build configuration list for PBXProject "RickAndMorty" */ = {
			isa = XCConfigurationList;
			buildConfigurations = (
				072C60572B44A2E100CEAB01 /* Debug */,
				072C60582B44A2E100CEAB01 /* Release */,
			);
			defaultConfigurationIsVisible = 0;
			defaultConfigurationName = Release;
		};
		072C60592B44A2E100CEAB01 /* Build configuration list for PBXNativeTarget "RickAndMorty" */ = {
			isa = XCConfigurationList;
			buildConfigurations = (
				072C605A2B44A2E100CEAB01 /* Debug */,
				072C605B2B44A2E100CEAB01 /* Release */,
			);
			defaultConfigurationIsVisible = 0;
			defaultConfigurationName = Release;
		};
/* End XCConfigurationList section */
	};
	rootObject = 072C603D2B44A2DE00CEAB01 /* Project object */;
}
